
Microsoft Visual Studio Solution File, Format Version 12.00
# Visual Studio Version 16
VisualStudioVersion = 16.0.31911.196
MinimumVisualStudioVersion = 10.0.40219.1
Project("{FAE04EC0-301F-11D3-BF4B-00C04F79EFBC}") = "Homework_WpfApp12", "Homework_WpfApp12\Homework_WpfApp12.csproj", "{683286FC-6BE0-4DBD-BEA3-E6D6662071DB}"
EndProject
Global
	GlobalSection(SolutionConfigurationPlatforms) = preSolution
		Debug|Any CPU = Debug|Any CPU
		Release|Any CPU = Release|Any CPU
	EndGlobalSection
	GlobalSection(ProjectConfigurationPlatforms) = postSolution
		{683286FC-6BE0-4DBD-BEA3-E6D6662071DB}.Debug|Any CPU.ActiveCfg = Debug|Any CPU
		{683286FC-6BE0-4DBD-BEA3-E6D6662071DB}.Debug|Any CPU.Build.0 = Debug|Any CPU
		{683286FC-6BE0-4DBD-BEA3-E6D6662071DB}.Release|Any CPU.ActiveCfg = Release|Any CPU
		{683286FC-6BE0-4DBD-BEA3-E6D6662071DB}.Release|Any CPU.Build.0 = Release|Any CPU
	EndGlobalSection
	GlobalSection(SolutionProperties) = preSolution
		HideSolutionNode = FALSE
	EndGlobalSection
	GlobalSection(ExtensibilityGlobals) = postSolution
		SolutionGuid = {13C49AE1-36E5-4F63-A76C-3DAAE3E61126}
	EndGlobalSection
EndGlobal
